
Microsoft Visual Studio Solution File, Format Version 12.00
# Visual Studio Version 17
VisualStudioVersion = 17.4.33110.190
MinimumVisualStudioVersion = 10.0.40219.1
Project("{9A19103F-16F7-4668-BE54-9A1E7A4F7556}") = "WebGP", "src\WebGP\WebGP.csproj", "{DA0CF8EE-D680-4691-92B9-FD2A2A597299}"
EndProject
Project("{9A19103F-16F7-4668-BE54-9A1E7A4F7556}") = "WebGP.Application", "src\WebGP.Application\WebGP.Application.csproj", "{E1365FBE-527F-42D2-88A6-996BC2122FBF}"
EndProject
Project("{9A19103F-16F7-4668-BE54-9A1E7A4F7556}") = "WebGP.Infrastructure", "src\WebGP.Infrastructure\WebGP.Infrastructure.csproj", "{3B497276-48B9-4B3B-AB58-F4D03027E7B3}"
EndProject
Project("{9A19103F-16F7-4668-BE54-9A1E7A4F7556}") = "WebGP.Domain", "src\WebGP.Domain\WebGP.Domain.csproj", "{79D97050-FD4A-4EAE-98D0-C603C43D70DC}"
EndProject
Project("{E53339B2-1760-4266-BCC7-CA923CBCF16C}") = "docker-compose", "docker-compose.dcproj", "{C0CB4CFE-196A-4FC5-ADD4-337F2D18555B}"
EndProject
Project("{2150E333-8FDC-42A3-9474-1A3956D46DE8}") = "src", "src", "{801457E0-AEDA-4F7B-8A9C-827523ECAAD8}"
EndProject
Project("{2150E333-8FDC-42A3-9474-1A3956D46DE8}") = "tests", "tests", "{4A82D7B3-2CC3-4857-9C5B-49AC707DE83C}"
EndProject
Project("{2150E333-8FDC-42A3-9474-1A3956D46DE8}") = "files", "files", "{16CBE57A-7FCE-4C10-9F04-94116DF6FBB5}"
	ProjectSection(SolutionItems) = preProject
		.env = .env
		.env.sample = .env.sample
		.gitattributes = .gitattributes
		.gitignore = .gitignore
	EndProjectSection
EndProject
Project("{9A19103F-16F7-4668-BE54-9A1E7A4F7556}") = "Application.Tests", "tests\Application.Tests\Application.Tests.csproj", "{6F5D615E-B3EA-47D3-A2BD-C46441BB887A}"
EndProject
Project("{9A19103F-16F7-4668-BE54-9A1E7A4F7556}") = "WebGP.Diaka", "src\WebGP.Diaka\WebGP.Diaka.csproj", "{AA021A9C-06FA-4887-8A9D-BAF978602C8E}"
EndProject
Project("{9A19103F-16F7-4668-BE54-9A1E7A4F7556}") = "WebGP.Java", "src\WebGP.Java\WebGP.Java.csproj", "{2A5FA551-400E-4478-913A-A122C7C1CD82}"
EndProject
Global
	GlobalSection(SolutionConfigurationPlatforms) = preSolution
		Debug|Any CPU = Debug|Any CPU
		Release|Any CPU = Release|Any CPU
	EndGlobalSection
	GlobalSection(ProjectConfigurationPlatforms) = postSolution
		{DA0CF8EE-D680-4691-92B9-FD2A2A597299}.Debug|Any CPU.ActiveCfg = Debug|Any CPU
		{DA0CF8EE-D680-4691-92B9-FD2A2A597299}.Debug|Any CPU.Build.0 = Debug|Any CPU
		{DA0CF8EE-D680-4691-92B9-FD2A2A597299}.Release|Any CPU.ActiveCfg = Release|Any CPU
		{DA0CF8EE-D680-4691-92B9-FD2A2A597299}.Release|Any CPU.Build.0 = Release|Any CPU
		{E1365FBE-527F-42D2-88A6-996BC2122FBF}.Debug|Any CPU.ActiveCfg = Debug|Any CPU
		{E1365FBE-527F-42D2-88A6-996BC2122FBF}.Debug|Any CPU.Build.0 = Debug|Any CPU
		{E1365FBE-527F-42D2-88A6-996BC2122FBF}.Release|Any CPU.ActiveCfg = Release|Any CPU
		{E1365FBE-527F-42D2-88A6-996BC2122FBF}.Release|Any CPU.Build.0 = Release|Any CPU
		{3B497276-48B9-4B3B-AB58-F4D03027E7B3}.Debug|Any CPU.ActiveCfg = Debug|Any CPU
		{3B497276-48B9-4B3B-AB58-F4D03027E7B3}.Debug|Any CPU.Build.0 = Debug|Any CPU
		{3B497276-48B9-4B3B-AB58-F4D03027E7B3}.Release|Any CPU.ActiveCfg = Release|Any CPU
		{3B497276-48B9-4B3B-AB58-F4D03027E7B3}.Release|Any CPU.Build.0 = Release|Any CPU
		{79D97050-FD4A-4EAE-98D0-C603C43D70DC}.Debug|Any CPU.ActiveCfg = Debug|Any CPU
		{79D97050-FD4A-4EAE-98D0-C603C43D70DC}.Debug|Any CPU.Build.0 = Debug|Any CPU
		{79D97050-FD4A-4EAE-98D0-C603C43D70DC}.Release|Any CPU.ActiveCfg = Release|Any CPU
		{79D97050-FD4A-4EAE-98D0-C603C43D70DC}.Release|Any CPU.Build.0 = Release|Any CPU
		{C0CB4CFE-196A-4FC5-ADD4-337F2D18555B}.Debug|Any CPU.ActiveCfg = Debug|Any CPU
		{C0CB4CFE-196A-4FC5-ADD4-337F2D18555B}.Debug|Any CPU.Build.0 = Debug|Any CPU
		{C0CB4CFE-196A-4FC5-ADD4-337F2D18555B}.Release|Any CPU.ActiveCfg = Release|Any CPU
		{C0CB4CFE-196A-4FC5-ADD4-337F2D18555B}.Release|Any CPU.Build.0 = Release|Any CPU
		{6F5D615E-B3EA-47D3-A2BD-C46441BB887A}.Debug|Any CPU.ActiveCfg = Debug|Any CPU
		{6F5D615E-B3EA-47D3-A2BD-C46441BB887A}.Debug|Any CPU.Build.0 = Debug|Any CPU
		{6F5D615E-B3EA-47D3-A2BD-C46441BB887A}.Release|Any CPU.ActiveCfg = Release|Any CPU
		{6F5D615E-B3EA-47D3-A2BD-C46441BB887A}.Release|Any CPU.Build.0 = Release|Any CPU
		{AA021A9C-06FA-4887-8A9D-BAF978602C8E}.Debug|Any CPU.ActiveCfg = Debug|Any CPU
		{AA021A9C-06FA-4887-8A9D-BAF978602C8E}.Debug|Any CPU.Build.0 = Debug|Any CPU
		{AA021A9C-06FA-4887-8A9D-BAF978602C8E}.Release|Any CPU.ActiveCfg = Release|Any CPU
		{AA021A9C-06FA-4887-8A9D-BAF978602C8E}.Release|Any CPU.Build.0 = Release|Any CPU
		{2A5FA551-400E-4478-913A-A122C7C1CD82}.Debug|Any CPU.ActiveCfg = Debug|Any CPU
		{2A5FA551-400E-4478-913A-A122C7C1CD82}.Debug|Any CPU.Build.0 = Debug|Any CPU
		{2A5FA551-400E-4478-913A-A122C7C1CD82}.Release|Any CPU.ActiveCfg = Release|Any CPU
		{2A5FA551-400E-4478-913A-A122C7C1CD82}.Release|Any CPU.Build.0 = Release|Any CPU
	EndGlobalSection
	GlobalSection(SolutionProperties) = preSolution
		HideSolutionNode = FALSE
	EndGlobalSection
	GlobalSection(NestedProjects) = preSolution
		{DA0CF8EE-D680-4691-92B9-FD2A2A597299} = {801457E0-AEDA-4F7B-8A9C-827523ECAAD8}
		{E1365FBE-527F-42D2-88A6-996BC2122FBF} = {801457E0-AEDA-4F7B-8A9C-827523ECAAD8}
		{3B497276-48B9-4B3B-AB58-F4D03027E7B3} = {801457E0-AEDA-4F7B-8A9C-827523ECAAD8}
		{79D97050-FD4A-4EAE-98D0-C603C43D70DC} = {801457E0-AEDA-4F7B-8A9C-827523ECAAD8}
		{6F5D615E-B3EA-47D3-A2BD-C46441BB887A} = {4A82D7B3-2CC3-4857-9C5B-49AC707DE83C}
		{AA021A9C-06FA-4887-8A9D-BAF978602C8E} = {801457E0-AEDA-4F7B-8A9C-827523ECAAD8}
		{2A5FA551-400E-4478-913A-A122C7C1CD82} = {801457E0-AEDA-4F7B-8A9C-827523ECAAD8}
	EndGlobalSection
	GlobalSection(ExtensibilityGlobals) = postSolution
		SolutionGuid = {BF60AFB2-ACFE-4C22-A4E4-30695A9B0C7B}
	EndGlobalSection
EndGlobal
