
Microsoft Visual Studio Solution File, Format Version 12.00
# Visual Studio Version 17
VisualStudioVersion = 17.4.33110.190
MinimumVisualStudioVersion = 10.0.40219.1
Project("{9A19103F-16F7-4668-BE54-9A1E7A4F7556}") = "WebGP", "WebGP\WebGP.csproj", "{DA0CF8EE-D680-4691-92B9-FD2A2A597299}"
EndProject
Project("{FAE04EC0-301F-11D3-BF4B-00C04F79EFBC}") = "WebGP.Application", "WebGP.Application\WebGP.Application.csproj", "{E1365FBE-527F-42D2-88A6-996BC2122FBF}"
EndProject
Project("{FAE04EC0-301F-11D3-BF4B-00C04F79EFBC}") = "WebGP.Infrastructure", "WebGP.Infrastructure\WebGP.Infrastructure.csproj", "{3B497276-48B9-4B3B-AB58-F4D03027E7B3}"
EndProject
Project("{FAE04EC0-301F-11D3-BF4B-00C04F79EFBC}") = "WebGP.Domain", "WebGP.Domain\WebGP.Domain.csproj", "{79D97050-FD4A-4EAE-98D0-C603C43D70DC}"
EndProject
Project("{E53339B2-1760-4266-BCC7-CA923CBCF16C}") = "docker-compose", "docker-compose.dcproj", "{C0CB4CFE-196A-4FC5-ADD4-337F2D18555B}"
EndProject
Global
	GlobalSection(SolutionConfigurationPlatforms) = preSolution
		Debug|Any CPU = Debug|Any CPU
		Release|Any CPU = Release|Any CPU
	EndGlobalSection
	GlobalSection(ProjectConfigurationPlatforms) = postSolution
		{DA0CF8EE-D680-4691-92B9-FD2A2A597299}.Debug|Any CPU.ActiveCfg = Debug|Any CPU
		{DA0CF8EE-D680-4691-92B9-FD2A2A597299}.Debug|Any CPU.Build.0 = Debug|Any CPU
		{DA0CF8EE-D680-4691-92B9-FD2A2A597299}.Release|Any CPU.ActiveCfg = Release|Any CPU
		{DA0CF8EE-D680-4691-92B9-FD2A2A597299}.Release|Any CPU.Build.0 = Release|Any CPU
		{E1365FBE-527F-42D2-88A6-996BC2122FBF}.Debug|Any CPU.ActiveCfg = Debug|Any CPU
		{E1365FBE-527F-42D2-88A6-996BC2122FBF}.Debug|Any CPU.Build.0 = Debug|Any CPU
		{E1365FBE-527F-42D2-88A6-996BC2122FBF}.Release|Any CPU.ActiveCfg = Release|Any CPU
		{E1365FBE-527F-42D2-88A6-996BC2122FBF}.Release|Any CPU.Build.0 = Release|Any CPU
		{3B497276-48B9-4B3B-AB58-F4D03027E7B3}.Debug|Any CPU.ActiveCfg = Debug|Any CPU
		{3B497276-48B9-4B3B-AB58-F4D03027E7B3}.Debug|Any CPU.Build.0 = Debug|Any CPU
		{3B497276-48B9-4B3B-AB58-F4D03027E7B3}.Release|Any CPU.ActiveCfg = Release|Any CPU
		{3B497276-48B9-4B3B-AB58-F4D03027E7B3}.Release|Any CPU.Build.0 = Release|Any CPU
		{79D97050-FD4A-4EAE-98D0-C603C43D70DC}.Debug|Any CPU.ActiveCfg = Debug|Any CPU
		{79D97050-FD4A-4EAE-98D0-C603C43D70DC}.Debug|Any CPU.Build.0 = Debug|Any CPU
		{79D97050-FD4A-4EAE-98D0-C603C43D70DC}.Release|Any CPU.ActiveCfg = Release|Any CPU
		{79D97050-FD4A-4EAE-98D0-C603C43D70DC}.Release|Any CPU.Build.0 = Release|Any CPU
		{C0CB4CFE-196A-4FC5-ADD4-337F2D18555B}.Debug|Any CPU.ActiveCfg = Debug|Any CPU
		{C0CB4CFE-196A-4FC5-ADD4-337F2D18555B}.Debug|Any CPU.Build.0 = Debug|Any CPU
		{C0CB4CFE-196A-4FC5-ADD4-337F2D18555B}.Release|Any CPU.ActiveCfg = Release|Any CPU
		{C0CB4CFE-196A-4FC5-ADD4-337F2D18555B}.Release|Any CPU.Build.0 = Release|Any CPU
	EndGlobalSection
	GlobalSection(SolutionProperties) = preSolution
		HideSolutionNode = FALSE
	EndGlobalSection
	GlobalSection(ExtensibilityGlobals) = postSolution
		SolutionGuid = {BF60AFB2-ACFE-4C22-A4E4-30695A9B0C7B}
	EndGlobalSection
EndGlobal
