
Microsoft Visual Studio Solution File, Format Version 12.00
# Visual Studio Version 17
VisualStudioVersion = 17.4.33110.190
MinimumVisualStudioVersion = 10.0.40219.1
Project("{FAE04EC0-301F-11D3-BF4B-00C04F79EFBC}") = "WebGP", "WebGP.csproj", "{DA0CF8EE-D680-4691-92B9-FD2A2A597299}"
EndProject
Global
	GlobalSection(SolutionConfigurationPlatforms) = preSolution
		Debug|Any CPU = Debug|Any CPU
		Release|Any CPU = Release|Any CPU
	EndGlobalSection
	GlobalSection(ProjectConfigurationPlatforms) = postSolution
		{DA0CF8EE-D680-4691-92B9-FD2A2A597299}.Debug|Any CPU.ActiveCfg = Debug|Any CPU
		{DA0CF8EE-D680-4691-92B9-FD2A2A597299}.Debug|Any CPU.Build.0 = Debug|Any CPU
		{DA0CF8EE-D680-4691-92B9-FD2A2A597299}.Release|Any CPU.ActiveCfg = Release|Any CPU
		{DA0CF8EE-D680-4691-92B9-FD2A2A597299}.Release|Any CPU.Build.0 = Release|Any CPU
	EndGlobalSection
	GlobalSection(SolutionProperties) = preSolution
		HideSolutionNode = FALSE
	EndGlobalSection
	GlobalSection(ExtensibilityGlobals) = postSolution
		SolutionGuid = {BF60AFB2-ACFE-4C22-A4E4-30695A9B0C7B}
	EndGlobalSection
EndGlobal
